
Microsoft Visual Studio Solution File, Format Version 12.00
# Visual Studio Version 17
VisualStudioVersion = 17.2.32616.157
MinimumVisualStudioVersion = 10.0.40219.1
Project("{8BC9CEB8-8B4A-11D0-8D11-00A0C91BC942}") = "Helloworld", "Helloworld\Helloworld.vcxproj", "{DF24E5B7-61F2-4B95-BF5D-A2E48B1A3CBE}"
EndProject
Global
	GlobalSection(SolutionConfigurationPlatforms) = preSolution
		Debug|x64 = Debug|x64
		Debug|x86 = Debug|x86
		Release|x64 = Release|x64
		Release|x86 = Release|x86
	EndGlobalSection
	GlobalSection(ProjectConfigurationPlatforms) = postSolution
		{DF24E5B7-61F2-4B95-BF5D-A2E48B1A3CBE}.Debug|x64.ActiveCfg = Debug|x64
		{DF24E5B7-61F2-4B95-BF5D-A2E48B1A3CBE}.Debug|x64.Build.0 = Debug|x64
		{DF24E5B7-61F2-4B95-BF5D-A2E48B1A3CBE}.Debug|x86.ActiveCfg = Debug|Win32
		{DF24E5B7-61F2-4B95-BF5D-A2E48B1A3CBE}.Debug|x86.Build.0 = Debug|Win32
		{DF24E5B7-61F2-4B95-BF5D-A2E48B1A3CBE}.Release|x64.ActiveCfg = Release|x64
		{DF24E5B7-61F2-4B95-BF5D-A2E48B1A3CBE}.Release|x64.Build.0 = Release|x64
		{DF24E5B7-61F2-4B95-BF5D-A2E48B1A3CBE}.Release|x86.ActiveCfg = Release|Win32
		{DF24E5B7-61F2-4B95-BF5D-A2E48B1A3CBE}.Release|x86.Build.0 = Release|Win32
	EndGlobalSection
	GlobalSection(SolutionProperties) = preSolution
		HideSolutionNode = FALSE
	EndGlobalSection
	GlobalSection(ExtensibilityGlobals) = postSolution
		SolutionGuid = {85FDA06F-E51A-4F47-BAB7-FF56F6DAB8DF}
	EndGlobalSection
EndGlobal
